
Microsoft Visual Studio Solution File, Format Version 12.00
# Visual Studio Version 17
VisualStudioVersion = 17.2.32616.157
MinimumVisualStudioVersion = 10.0.40219.1
Project("{9A19103F-16F7-4668-BE54-9A1E7A4F7556}") = "pvp_ecommerce.Domain", "src\pvp_ecommerce.Domain\pvp_ecommerce.Domain.csproj", "{554AD327-6DBA-4F8F-96F8-81CE7A0C863F}"
EndProject
Project("{9A19103F-16F7-4668-BE54-9A1E7A4F7556}") = "pvp_ecommerce.Application", "src\pvp_ecommerce.Application\pvp_ecommerce.Application.csproj", "{1A94A50E-06DC-43C1-80B5-B662820EC3EB}"
EndProject
Project("{9A19103F-16F7-4668-BE54-9A1E7A4F7556}") = "pvp_ecommerce.EntityFrameworkCore", "src\pvp_ecommerce.EntityFrameworkCore\pvp_ecommerce.EntityFrameworkCore.csproj", "{C956DD76-69C8-4A9C-83EA-D17DF83340FD}"
EndProject
Project("{2150E333-8FDC-42A3-9474-1A3956D46DE8}") = "src", "src", "{CA9AC87F-097E-4F15-8393-4BC07735A5B0}"
EndProject
Project("{2150E333-8FDC-42A3-9474-1A3956D46DE8}") = "test", "test", "{04DBDB01-70F4-4E06-B468-8F87850B22BE}"
EndProject
Project("{9A19103F-16F7-4668-BE54-9A1E7A4F7556}") = "pvp_ecommerce.Application.Tests", "test\pvp_ecommerce.Application.Tests\pvp_ecommerce.Application.Tests.csproj", "{50B2631D-129C-47B3-A587-029CCD6099BC}"
EndProject
Project("{9A19103F-16F7-4668-BE54-9A1E7A4F7556}") = "pvp_ecommerce.Domain.Shared", "src\pvp_ecommerce.Domain.Shared\pvp_ecommerce.Domain.Shared.csproj", "{42F719ED-8413-4895-B5B4-5AB56079BC66}"
EndProject
Project("{9A19103F-16F7-4668-BE54-9A1E7A4F7556}") = "pvp_ecommerce.Application.Contracts", "src\pvp_ecommerce.Application.Contracts\pvp_ecommerce.Application.Contracts.csproj", "{520659C8-C734-4298-A3DA-B539DB9DFC0B}"
EndProject
Project("{9A19103F-16F7-4668-BE54-9A1E7A4F7556}") = "pvp_ecommerce.HttpApi", "src\pvp_ecommerce.HttpApi\pvp_ecommerce.HttpApi.csproj", "{4164BDF7-F527-4E85-9CE6-E3C2D7426A27}"
EndProject
Project("{9A19103F-16F7-4668-BE54-9A1E7A4F7556}") = "pvp_ecommerce.HttpApi.Client", "src\pvp_ecommerce.HttpApi.Client\pvp_ecommerce.HttpApi.Client.csproj", "{3B5A0094-670D-4BB1-BFDD-61B88A8773DC}"
EndProject
Project("{9A19103F-16F7-4668-BE54-9A1E7A4F7556}") = "pvp_ecommerce.EntityFrameworkCore.Tests", "test\pvp_ecommerce.EntityFrameworkCore.Tests\pvp_ecommerce.EntityFrameworkCore.Tests.csproj", "{1FE30EB9-74A9-47F5-A9F6-7B1FAB672D81}"
EndProject
Project("{9A19103F-16F7-4668-BE54-9A1E7A4F7556}") = "pvp_ecommerce.TestBase", "test\pvp_ecommerce.TestBase\pvp_ecommerce.TestBase.csproj", "{91853F21-9CD9-4132-BC29-A7D5D84FFFE7}"
EndProject
Project("{9A19103F-16F7-4668-BE54-9A1E7A4F7556}") = "pvp_ecommerce.Domain.Tests", "test\pvp_ecommerce.Domain.Tests\pvp_ecommerce.Domain.Tests.csproj", "{E512F4D9-9375-480F-A2F6-A46509F9D824}"
EndProject
Project("{9A19103F-16F7-4668-BE54-9A1E7A4F7556}") = "pvp_ecommerce.HttpApi.Client.ConsoleTestApp", "test\pvp_ecommerce.HttpApi.Client.ConsoleTestApp\pvp_ecommerce.HttpApi.Client.ConsoleTestApp.csproj", "{EF480016-9127-4916-8735-D2466BDBC582}"
EndProject
Project("{9A19103F-16F7-4668-BE54-9A1E7A4F7556}") = "pvp_ecommerce.DbMigrator", "src\pvp_ecommerce.DbMigrator\pvp_ecommerce.DbMigrator.csproj", "{AA94D832-1CCC-4715-95A9-A483F23A1A5D}"
EndProject
Project("{9A19103F-16F7-4668-BE54-9A1E7A4F7556}") = "pvp_ecommerce.HttpApi.Host", "src\pvp_ecommerce.HttpApi.Host\pvp_ecommerce.HttpApi.Host.csproj", "{748584B1-BA69-4F6A-81AA-F4BDE6BCE29D}"
EndProject
Project("{2150E333-8FDC-42A3-9474-1A3956D46DE8}") = "common", "common", "{08338543-2CC7-455D-89DB-1BC1BA798CA8}"
EndProject
Project("{2150E333-8FDC-42A3-9474-1A3956D46DE8}") = "identity", "identity", "{5569CF8C-19E6-437F-A6A6-51BDCF1609C3}"
EndProject
Project("{2150E333-8FDC-42A3-9474-1A3956D46DE8}") = "domain", "domain", "{AED18F33-52BD-4497-ADD1-07E6843BABCE}"
EndProject
Project("{2150E333-8FDC-42A3-9474-1A3956D46DE8}") = "infrastructure", "infrastructure", "{CEB361B3-0213-4472-88AE-A63AAF5D5EA4}"
EndProject
Project("{2150E333-8FDC-42A3-9474-1A3956D46DE8}") = "public", "public", "{98F6DED4-8E4F-4A7F-B033-D6FCB4D64C8E}"
EndProject
Project("{2150E333-8FDC-42A3-9474-1A3956D46DE8}") = "admin", "admin", "{5BD1EC67-E2AA-44D7-87A5-80F3F3F777B0}"
EndProject
Project("{9A19103F-16F7-4668-BE54-9A1E7A4F7556}") = "pvp_ecommerce.Admin.Application", "src\pvp_ecommerce.Admin.Application\pvp_ecommerce.Admin.Application.csproj", "{BF043A98-496E-4314-9D37-FD159E4E09B3}"
EndProject
Project("{9A19103F-16F7-4668-BE54-9A1E7A4F7556}") = "pvp_ecommerce.Admin.Application.Contracts", "src\pvp_ecommerce.Admin.Application.Contracts\pvp_ecommerce.Admin.Application.Contracts.csproj", "{D9F6412B-DA52-40DA-A7FC-F9272D880C30}"
EndProject
Project("{9A19103F-16F7-4668-BE54-9A1E7A4F7556}") = "pvp_ecommerce.Admin.HttpApi", "src\pvp_ecommerce.Admin.HttpApi\pvp_ecommerce.Admin.HttpApi.csproj", "{8D5EA7C7-479F-4585-93B5-95A6FF1A87A9}"
EndProject
Project("{9A19103F-16F7-4668-BE54-9A1E7A4F7556}") = "pvp_ecommerce.Admin.HttpApi.Client", "src\pvp_ecommerce.Admin.HttpApi.Client\pvp_ecommerce.Admin.HttpApi.Client.csproj", "{524CC4CA-51D7-4823-87FC-A9C23B55F4F8}"
EndProject
Project("{9A19103F-16F7-4668-BE54-9A1E7A4F7556}") = "pvp_ecommerce.Admin.HttpApi.Host", "src\pvp_ecommerce.Admin.HttpApi.Host\pvp_ecommerce.Admin.HttpApi.Host.csproj", "{4A31497C-2BE4-48F6-9477-7216D6422349}"
EndProject
Project("{2150E333-8FDC-42A3-9474-1A3956D46DE8}") = "public", "public", "{210FC6F3-DCD0-4D4E-8AB9-78D4570CDF04}"
EndProject
Project("{2150E333-8FDC-42A3-9474-1A3956D46DE8}") = "admin", "admin", "{633F94C4-4A1E-4AC1-A1EE-06E2B0FA2975}"
EndProject
Project("{9A19103F-16F7-4668-BE54-9A1E7A4F7556}") = "pvp_ecommerce.Admin.Application.Tests", "test\pvp_ecommerce.Admin.Application.Tests\pvp_ecommerce.Admin.Application.Tests.csproj", "{DB2D8396-866F-469A-BDA9-5D22D277CBDD}"
EndProject
Project("{9A19103F-16F7-4668-BE54-9A1E7A4F7556}") = "pvp_ecommerce.Admin.Domain.Tests", "test\pvp_ecommerce.Admin.Domain.Tests\pvp_ecommerce.Admin.Domain.Tests.csproj", "{0118884E-EFDE-42A1-ACA6-D5532F7E5585}"
EndProject
Project("{9A19103F-16F7-4668-BE54-9A1E7A4F7556}") = "pvp_ecommerce.Admin.EntityFrameworkCore.Tests", "test\pvp_ecommerce.Admin.EntityFrameworkCore.Tests\pvp_ecommerce.Admin.EntityFrameworkCore.Tests.csproj", "{EA5B3BC9-51FE-420A-B138-61C58D269720}"
EndProject
Project("{9A19103F-16F7-4668-BE54-9A1E7A4F7556}") = "pvp_ecommerce.Admin.HttpApi.Client.ConsoleTestApp", "test\pvp_ecommerce.Admin.HttpApi.Client.ConsoleTestApp\pvp_ecommerce.Admin.HttpApi.Client.ConsoleTestApp.csproj", "{F3834923-1AF3-4771-9764-986236287704}"
EndProject
Project("{9A19103F-16F7-4668-BE54-9A1E7A4F7556}") = "pvp_ecommerce.Admin.TestBase", "test\pvp_ecommerce.Admin.TestBase\pvp_ecommerce.Admin.TestBase.csproj", "{7602CBD6-ABD6-492E-B07C-850C8A7351C8}"
EndProject
Global
	GlobalSection(SolutionConfigurationPlatforms) = preSolution
		Debug|Any CPU = Debug|Any CPU
		Release|Any CPU = Release|Any CPU
	EndGlobalSection
	GlobalSection(ProjectConfigurationPlatforms) = postSolution
		{554AD327-6DBA-4F8F-96F8-81CE7A0C863F}.Debug|Any CPU.ActiveCfg = Debug|Any CPU
		{554AD327-6DBA-4F8F-96F8-81CE7A0C863F}.Debug|Any CPU.Build.0 = Debug|Any CPU
		{554AD327-6DBA-4F8F-96F8-81CE7A0C863F}.Release|Any CPU.ActiveCfg = Release|Any CPU
		{554AD327-6DBA-4F8F-96F8-81CE7A0C863F}.Release|Any CPU.Build.0 = Release|Any CPU
		{1A94A50E-06DC-43C1-80B5-B662820EC3EB}.Debug|Any CPU.ActiveCfg = Debug|Any CPU
		{1A94A50E-06DC-43C1-80B5-B662820EC3EB}.Debug|Any CPU.Build.0 = Debug|Any CPU
		{1A94A50E-06DC-43C1-80B5-B662820EC3EB}.Release|Any CPU.ActiveCfg = Release|Any CPU
		{1A94A50E-06DC-43C1-80B5-B662820EC3EB}.Release|Any CPU.Build.0 = Release|Any CPU
		{C956DD76-69C8-4A9C-83EA-D17DF83340FD}.Debug|Any CPU.ActiveCfg = Debug|Any CPU
		{C956DD76-69C8-4A9C-83EA-D17DF83340FD}.Debug|Any CPU.Build.0 = Debug|Any CPU
		{C956DD76-69C8-4A9C-83EA-D17DF83340FD}.Release|Any CPU.ActiveCfg = Release|Any CPU
		{C956DD76-69C8-4A9C-83EA-D17DF83340FD}.Release|Any CPU.Build.0 = Release|Any CPU
		{50B2631D-129C-47B3-A587-029CCD6099BC}.Debug|Any CPU.ActiveCfg = Debug|Any CPU
		{50B2631D-129C-47B3-A587-029CCD6099BC}.Debug|Any CPU.Build.0 = Debug|Any CPU
		{50B2631D-129C-47B3-A587-029CCD6099BC}.Release|Any CPU.ActiveCfg = Release|Any CPU
		{50B2631D-129C-47B3-A587-029CCD6099BC}.Release|Any CPU.Build.0 = Release|Any CPU
		{42F719ED-8413-4895-B5B4-5AB56079BC66}.Debug|Any CPU.ActiveCfg = Debug|Any CPU
		{42F719ED-8413-4895-B5B4-5AB56079BC66}.Debug|Any CPU.Build.0 = Debug|Any CPU
		{42F719ED-8413-4895-B5B4-5AB56079BC66}.Release|Any CPU.ActiveCfg = Release|Any CPU
		{42F719ED-8413-4895-B5B4-5AB56079BC66}.Release|Any CPU.Build.0 = Release|Any CPU
		{520659C8-C734-4298-A3DA-B539DB9DFC0B}.Debug|Any CPU.ActiveCfg = Debug|Any CPU
		{520659C8-C734-4298-A3DA-B539DB9DFC0B}.Debug|Any CPU.Build.0 = Debug|Any CPU
		{520659C8-C734-4298-A3DA-B539DB9DFC0B}.Release|Any CPU.ActiveCfg = Release|Any CPU
		{520659C8-C734-4298-A3DA-B539DB9DFC0B}.Release|Any CPU.Build.0 = Release|Any CPU
		{4164BDF7-F527-4E85-9CE6-E3C2D7426A27}.Debug|Any CPU.ActiveCfg = Debug|Any CPU
		{4164BDF7-F527-4E85-9CE6-E3C2D7426A27}.Debug|Any CPU.Build.0 = Debug|Any CPU
		{4164BDF7-F527-4E85-9CE6-E3C2D7426A27}.Release|Any CPU.ActiveCfg = Release|Any CPU
		{4164BDF7-F527-4E85-9CE6-E3C2D7426A27}.Release|Any CPU.Build.0 = Release|Any CPU
		{3B5A0094-670D-4BB1-BFDD-61B88A8773DC}.Debug|Any CPU.ActiveCfg = Debug|Any CPU
		{3B5A0094-670D-4BB1-BFDD-61B88A8773DC}.Debug|Any CPU.Build.0 = Debug|Any CPU
		{3B5A0094-670D-4BB1-BFDD-61B88A8773DC}.Release|Any CPU.ActiveCfg = Release|Any CPU
		{3B5A0094-670D-4BB1-BFDD-61B88A8773DC}.Release|Any CPU.Build.0 = Release|Any CPU
		{1FE30EB9-74A9-47F5-A9F6-7B1FAB672D81}.Debug|Any CPU.ActiveCfg = Debug|Any CPU
		{1FE30EB9-74A9-47F5-A9F6-7B1FAB672D81}.Debug|Any CPU.Build.0 = Debug|Any CPU
		{1FE30EB9-74A9-47F5-A9F6-7B1FAB672D81}.Release|Any CPU.ActiveCfg = Release|Any CPU
		{1FE30EB9-74A9-47F5-A9F6-7B1FAB672D81}.Release|Any CPU.Build.0 = Release|Any CPU
		{91853F21-9CD9-4132-BC29-A7D5D84FFFE7}.Debug|Any CPU.ActiveCfg = Debug|Any CPU
		{91853F21-9CD9-4132-BC29-A7D5D84FFFE7}.Debug|Any CPU.Build.0 = Debug|Any CPU
		{91853F21-9CD9-4132-BC29-A7D5D84FFFE7}.Release|Any CPU.ActiveCfg = Release|Any CPU
		{91853F21-9CD9-4132-BC29-A7D5D84FFFE7}.Release|Any CPU.Build.0 = Release|Any CPU
		{E512F4D9-9375-480F-A2F6-A46509F9D824}.Debug|Any CPU.ActiveCfg = Debug|Any CPU
		{E512F4D9-9375-480F-A2F6-A46509F9D824}.Debug|Any CPU.Build.0 = Debug|Any CPU
		{E512F4D9-9375-480F-A2F6-A46509F9D824}.Release|Any CPU.ActiveCfg = Release|Any CPU
		{E512F4D9-9375-480F-A2F6-A46509F9D824}.Release|Any CPU.Build.0 = Release|Any CPU
		{EF480016-9127-4916-8735-D2466BDBC582}.Debug|Any CPU.ActiveCfg = Debug|Any CPU
		{EF480016-9127-4916-8735-D2466BDBC582}.Debug|Any CPU.Build.0 = Debug|Any CPU
		{EF480016-9127-4916-8735-D2466BDBC582}.Release|Any CPU.ActiveCfg = Release|Any CPU
		{EF480016-9127-4916-8735-D2466BDBC582}.Release|Any CPU.Build.0 = Release|Any CPU
		{AA94D832-1CCC-4715-95A9-A483F23A1A5D}.Debug|Any CPU.ActiveCfg = Debug|Any CPU
		{AA94D832-1CCC-4715-95A9-A483F23A1A5D}.Debug|Any CPU.Build.0 = Debug|Any CPU
		{AA94D832-1CCC-4715-95A9-A483F23A1A5D}.Release|Any CPU.ActiveCfg = Release|Any CPU
		{AA94D832-1CCC-4715-95A9-A483F23A1A5D}.Release|Any CPU.Build.0 = Release|Any CPU
		{748584B1-BA69-4F6A-81AA-F4BDE6BCE29D}.Debug|Any CPU.ActiveCfg = Debug|Any CPU
		{748584B1-BA69-4F6A-81AA-F4BDE6BCE29D}.Debug|Any CPU.Build.0 = Debug|Any CPU
		{748584B1-BA69-4F6A-81AA-F4BDE6BCE29D}.Release|Any CPU.ActiveCfg = Release|Any CPU
		{748584B1-BA69-4F6A-81AA-F4BDE6BCE29D}.Release|Any CPU.Build.0 = Release|Any CPU
		{BF043A98-496E-4314-9D37-FD159E4E09B3}.Debug|Any CPU.ActiveCfg = Debug|Any CPU
		{BF043A98-496E-4314-9D37-FD159E4E09B3}.Debug|Any CPU.Build.0 = Debug|Any CPU
		{BF043A98-496E-4314-9D37-FD159E4E09B3}.Release|Any CPU.ActiveCfg = Release|Any CPU
		{BF043A98-496E-4314-9D37-FD159E4E09B3}.Release|Any CPU.Build.0 = Release|Any CPU
		{D9F6412B-DA52-40DA-A7FC-F9272D880C30}.Debug|Any CPU.ActiveCfg = Debug|Any CPU
		{D9F6412B-DA52-40DA-A7FC-F9272D880C30}.Debug|Any CPU.Build.0 = Debug|Any CPU
		{D9F6412B-DA52-40DA-A7FC-F9272D880C30}.Release|Any CPU.ActiveCfg = Release|Any CPU
		{D9F6412B-DA52-40DA-A7FC-F9272D880C30}.Release|Any CPU.Build.0 = Release|Any CPU
		{8D5EA7C7-479F-4585-93B5-95A6FF1A87A9}.Debug|Any CPU.ActiveCfg = Debug|Any CPU
		{8D5EA7C7-479F-4585-93B5-95A6FF1A87A9}.Debug|Any CPU.Build.0 = Debug|Any CPU
		{8D5EA7C7-479F-4585-93B5-95A6FF1A87A9}.Release|Any CPU.ActiveCfg = Release|Any CPU
		{8D5EA7C7-479F-4585-93B5-95A6FF1A87A9}.Release|Any CPU.Build.0 = Release|Any CPU
		{524CC4CA-51D7-4823-87FC-A9C23B55F4F8}.Debug|Any CPU.ActiveCfg = Debug|Any CPU
		{524CC4CA-51D7-4823-87FC-A9C23B55F4F8}.Debug|Any CPU.Build.0 = Debug|Any CPU
		{524CC4CA-51D7-4823-87FC-A9C23B55F4F8}.Release|Any CPU.ActiveCfg = Release|Any CPU
		{524CC4CA-51D7-4823-87FC-A9C23B55F4F8}.Release|Any CPU.Build.0 = Release|Any CPU
		{4A31497C-2BE4-48F6-9477-7216D6422349}.Debug|Any CPU.ActiveCfg = Debug|Any CPU
		{4A31497C-2BE4-48F6-9477-7216D6422349}.Debug|Any CPU.Build.0 = Debug|Any CPU
		{4A31497C-2BE4-48F6-9477-7216D6422349}.Release|Any CPU.ActiveCfg = Release|Any CPU
		{4A31497C-2BE4-48F6-9477-7216D6422349}.Release|Any CPU.Build.0 = Release|Any CPU
		{DB2D8396-866F-469A-BDA9-5D22D277CBDD}.Debug|Any CPU.ActiveCfg = Debug|Any CPU
		{DB2D8396-866F-469A-BDA9-5D22D277CBDD}.Debug|Any CPU.Build.0 = Debug|Any CPU
		{DB2D8396-866F-469A-BDA9-5D22D277CBDD}.Release|Any CPU.ActiveCfg = Release|Any CPU
		{DB2D8396-866F-469A-BDA9-5D22D277CBDD}.Release|Any CPU.Build.0 = Release|Any CPU
		{0118884E-EFDE-42A1-ACA6-D5532F7E5585}.Debug|Any CPU.ActiveCfg = Debug|Any CPU
		{0118884E-EFDE-42A1-ACA6-D5532F7E5585}.Debug|Any CPU.Build.0 = Debug|Any CPU
		{0118884E-EFDE-42A1-ACA6-D5532F7E5585}.Release|Any CPU.ActiveCfg = Release|Any CPU
		{0118884E-EFDE-42A1-ACA6-D5532F7E5585}.Release|Any CPU.Build.0 = Release|Any CPU
		{EA5B3BC9-51FE-420A-B138-61C58D269720}.Debug|Any CPU.ActiveCfg = Debug|Any CPU
		{EA5B3BC9-51FE-420A-B138-61C58D269720}.Debug|Any CPU.Build.0 = Debug|Any CPU
		{EA5B3BC9-51FE-420A-B138-61C58D269720}.Release|Any CPU.ActiveCfg = Release|Any CPU
		{EA5B3BC9-51FE-420A-B138-61C58D269720}.Release|Any CPU.Build.0 = Release|Any CPU
		{F3834923-1AF3-4771-9764-986236287704}.Debug|Any CPU.ActiveCfg = Debug|Any CPU
		{F3834923-1AF3-4771-9764-986236287704}.Debug|Any CPU.Build.0 = Debug|Any CPU
		{F3834923-1AF3-4771-9764-986236287704}.Release|Any CPU.ActiveCfg = Release|Any CPU
		{F3834923-1AF3-4771-9764-986236287704}.Release|Any CPU.Build.0 = Release|Any CPU
		{7602CBD6-ABD6-492E-B07C-850C8A7351C8}.Debug|Any CPU.ActiveCfg = Debug|Any CPU
		{7602CBD6-ABD6-492E-B07C-850C8A7351C8}.Debug|Any CPU.Build.0 = Debug|Any CPU
		{7602CBD6-ABD6-492E-B07C-850C8A7351C8}.Release|Any CPU.ActiveCfg = Release|Any CPU
		{7602CBD6-ABD6-492E-B07C-850C8A7351C8}.Release|Any CPU.Build.0 = Release|Any CPU
	EndGlobalSection
	GlobalSection(SolutionProperties) = preSolution
		HideSolutionNode = FALSE
	EndGlobalSection
	GlobalSection(NestedProjects) = preSolution
		{554AD327-6DBA-4F8F-96F8-81CE7A0C863F} = {AED18F33-52BD-4497-ADD1-07E6843BABCE}
		{1A94A50E-06DC-43C1-80B5-B662820EC3EB} = {98F6DED4-8E4F-4A7F-B033-D6FCB4D64C8E}
		{C956DD76-69C8-4A9C-83EA-D17DF83340FD} = {CEB361B3-0213-4472-88AE-A63AAF5D5EA4}
		{50B2631D-129C-47B3-A587-029CCD6099BC} = {210FC6F3-DCD0-4D4E-8AB9-78D4570CDF04}
		{42F719ED-8413-4895-B5B4-5AB56079BC66} = {AED18F33-52BD-4497-ADD1-07E6843BABCE}
		{520659C8-C734-4298-A3DA-B539DB9DFC0B} = {98F6DED4-8E4F-4A7F-B033-D6FCB4D64C8E}
		{4164BDF7-F527-4E85-9CE6-E3C2D7426A27} = {98F6DED4-8E4F-4A7F-B033-D6FCB4D64C8E}
		{3B5A0094-670D-4BB1-BFDD-61B88A8773DC} = {98F6DED4-8E4F-4A7F-B033-D6FCB4D64C8E}
		{1FE30EB9-74A9-47F5-A9F6-7B1FAB672D81} = {210FC6F3-DCD0-4D4E-8AB9-78D4570CDF04}
		{91853F21-9CD9-4132-BC29-A7D5D84FFFE7} = {210FC6F3-DCD0-4D4E-8AB9-78D4570CDF04}
		{E512F4D9-9375-480F-A2F6-A46509F9D824} = {210FC6F3-DCD0-4D4E-8AB9-78D4570CDF04}
		{EF480016-9127-4916-8735-D2466BDBC582} = {210FC6F3-DCD0-4D4E-8AB9-78D4570CDF04}
		{AA94D832-1CCC-4715-95A9-A483F23A1A5D} = {CEB361B3-0213-4472-88AE-A63AAF5D5EA4}
		{748584B1-BA69-4F6A-81AA-F4BDE6BCE29D} = {98F6DED4-8E4F-4A7F-B033-D6FCB4D64C8E}
		{08338543-2CC7-455D-89DB-1BC1BA798CA8} = {CA9AC87F-097E-4F15-8393-4BC07735A5B0}
		{5569CF8C-19E6-437F-A6A6-51BDCF1609C3} = {CA9AC87F-097E-4F15-8393-4BC07735A5B0}
		{AED18F33-52BD-4497-ADD1-07E6843BABCE} = {08338543-2CC7-455D-89DB-1BC1BA798CA8}
		{CEB361B3-0213-4472-88AE-A63AAF5D5EA4} = {08338543-2CC7-455D-89DB-1BC1BA798CA8}
		{98F6DED4-8E4F-4A7F-B033-D6FCB4D64C8E} = {CA9AC87F-097E-4F15-8393-4BC07735A5B0}
		{5BD1EC67-E2AA-44D7-87A5-80F3F3F777B0} = {CA9AC87F-097E-4F15-8393-4BC07735A5B0}
		{BF043A98-496E-4314-9D37-FD159E4E09B3} = {5BD1EC67-E2AA-44D7-87A5-80F3F3F777B0}
		{D9F6412B-DA52-40DA-A7FC-F9272D880C30} = {5BD1EC67-E2AA-44D7-87A5-80F3F3F777B0}
		{8D5EA7C7-479F-4585-93B5-95A6FF1A87A9} = {5BD1EC67-E2AA-44D7-87A5-80F3F3F777B0}
		{524CC4CA-51D7-4823-87FC-A9C23B55F4F8} = {5BD1EC67-E2AA-44D7-87A5-80F3F3F777B0}
		{4A31497C-2BE4-48F6-9477-7216D6422349} = {5BD1EC67-E2AA-44D7-87A5-80F3F3F777B0}
		{210FC6F3-DCD0-4D4E-8AB9-78D4570CDF04} = {04DBDB01-70F4-4E06-B468-8F87850B22BE}
		{633F94C4-4A1E-4AC1-A1EE-06E2B0FA2975} = {04DBDB01-70F4-4E06-B468-8F87850B22BE}
		{DB2D8396-866F-469A-BDA9-5D22D277CBDD} = {633F94C4-4A1E-4AC1-A1EE-06E2B0FA2975}
		{0118884E-EFDE-42A1-ACA6-D5532F7E5585} = {633F94C4-4A1E-4AC1-A1EE-06E2B0FA2975}
		{EA5B3BC9-51FE-420A-B138-61C58D269720} = {633F94C4-4A1E-4AC1-A1EE-06E2B0FA2975}
		{F3834923-1AF3-4771-9764-986236287704} = {633F94C4-4A1E-4AC1-A1EE-06E2B0FA2975}
		{7602CBD6-ABD6-492E-B07C-850C8A7351C8} = {633F94C4-4A1E-4AC1-A1EE-06E2B0FA2975}
	EndGlobalSection
	GlobalSection(ExtensibilityGlobals) = postSolution
		SolutionGuid = {28315BFD-90E7-4E14-A2EA-F3D23AF4126F}
	EndGlobalSection
EndGlobal
